// !$*UTF8*$!
{
	archiveVersion = 1;
	classes = {
	};
	objectVersion = 48;
	objects = {

/* Begin PBXBuildFile section */
		85AB70F91FB5410E00670F7B /* Product.swift in Sources */ = {isa = PBXBuildFile; fileRef = 85AB70F81FB5410E00670F7B /* Product.swift */; };
		85FB20521FACFFE900EC0633 /* AppDelegate.swift in Sources */ = {isa = PBXBuildFile; fileRef = 85FB20511FACFFE900EC0633 /* AppDelegate.swift */; };
		85FB20541FACFFE900EC0633 /* CategoriesVC.swift in Sources */ = {isa = PBXBuildFile; fileRef = 85FB20531FACFFE900EC0633 /* CategoriesVC.swift */; };
		85FB20571FACFFE900EC0633 /* Main.storyboard in Resources */ = {isa = PBXBuildFile; fileRef = 85FB20551FACFFE900EC0633 /* Main.storyboard */; };
		85FB20591FACFFE900EC0633 /* Assets.xcassets in Resources */ = {isa = PBXBuildFile; fileRef = 85FB20581FACFFE900EC0633 /* Assets.xcassets */; };
		85FB205C1FACFFE900EC0633 /* LaunchScreen.storyboard in Resources */ = {isa = PBXBuildFile; fileRef = 85FB205A1FACFFE900EC0633 /* LaunchScreen.storyboard */; };
		85FB20671FAD08CD00EC0633 /* CategoryCell.swift in Sources */ = {isa = PBXBuildFile; fileRef = 85FB20661FAD08CD00EC0633 /* CategoryCell.swift */; };
		85FB20691FAD44DB00EC0633 /* Category.swift in Sources */ = {isa = PBXBuildFile; fileRef = 85FB20681FAD44DB00EC0633 /* Category.swift */; };
		85FB206C1FAD473200EC0633 /* DataService.swift in Sources */ = {isa = PBXBuildFile; fileRef = 85FB206B1FAD473200EC0633 /* DataService.swift */; };
		85FB20D41FB52E5000EC0633 /* productCell.swift in Sources */ = {isa = PBXBuildFile; fileRef = 85FB20D31FB52E5000EC0633 /* productCell.swift */; };
/* End PBXBuildFile section */

/* Begin PBXFileReference section */
		85AB70F81FB5410E00670F7B /* Product.swift */ = {isa = PBXFileReference; lastKnownFileType = sourcecode.swift; path = Product.swift; sourceTree = "<group>"; };
		85FB204E1FACFFE900EC0633 /* coder-swag.app */ = {isa = PBXFileReference; explicitFileType = wrapper.application; includeInIndex = 0; path = "coder-swag.app"; sourceTree = BUILT_PRODUCTS_DIR; };
		85FB20511FACFFE900EC0633 /* AppDelegate.swift */ = {isa = PBXFileReference; lastKnownFileType = sourcecode.swift; path = AppDelegate.swift; sourceTree = "<group>"; };
		85FB20531FACFFE900EC0633 /* CategoriesVC.swift */ = {isa = PBXFileReference; lastKnownFileType = sourcecode.swift; path = CategoriesVC.swift; sourceTree = "<group>"; };
		85FB20561FACFFE900EC0633 /* Base */ = {isa = PBXFileReference; lastKnownFileType = file.storyboard; name = Base; path = Base.lproj/Main.storyboard; sourceTree = "<group>"; };
		85FB20581FACFFE900EC0633 /* Assets.xcassets */ = {isa = PBXFileReference; lastKnownFileType = folder.assetcatalog; path = Assets.xcassets; sourceTree = "<group>"; };
		85FB205B1FACFFE900EC0633 /* Base */ = {isa = PBXFileReference; lastKnownFileType = file.storyboard; name = Base; path = Base.lproj/LaunchScreen.storyboard; sourceTree = "<group>"; };
		85FB205D1FACFFE900EC0633 /* Info.plist */ = {isa = PBXFileReference; lastKnownFileType = text.plist.xml; path = Info.plist; sourceTree = "<group>"; };
		85FB20661FAD08CD00EC0633 /* CategoryCell.swift */ = {isa = PBXFileReference; lastKnownFileType = sourcecode.swift; path = CategoryCell.swift; sourceTree = "<group>"; };
		85FB20681FAD44DB00EC0633 /* Category.swift */ = {isa = PBXFileReference; lastKnownFileType = sourcecode.swift; path = Category.swift; sourceTree = "<group>"; };
		85FB206B1FAD473200EC0633 /* DataService.swift */ = {isa = PBXFileReference; lastKnownFileType = sourcecode.swift; path = DataService.swift; sourceTree = "<group>"; };
		85FB20D31FB52E5000EC0633 /* productCell.swift */ = {isa = PBXFileReference; lastKnownFileType = sourcecode.swift; path = productCell.swift; sourceTree = "<group>"; };
/* End PBXFileReference section */

/* Begin PBXFrameworksBuildPhase section */
		85FB204B1FACFFE900EC0633 /* Frameworks */ = {
			isa = PBXFrameworksBuildPhase;
			buildActionMask = 2147483647;
			files = (
			);
			runOnlyForDeploymentPostprocessing = 0;
		};
/* End PBXFrameworksBuildPhase section */

/* Begin PBXGroup section */
		85FB20451FACFFE900EC0633 = {
			isa = PBXGroup;
			children = (
				85FB20501FACFFE900EC0633 /* coder-swag */,
				85FB204F1FACFFE900EC0633 /* Products */,
			);
			sourceTree = "<group>";
		};
		85FB204F1FACFFE900EC0633 /* Products */ = {
			isa = PBXGroup;
			children = (
				85FB204E1FACFFE900EC0633 /* coder-swag.app */,
			);
			name = Products;
			sourceTree = "<group>";
		};
		85FB20501FACFFE900EC0633 /* coder-swag */ = {
			isa = PBXGroup;
			children = (
				85FB206A1FAD46F400EC0633 /* Services */,
				85FB20651FAD085B00EC0633 /* View */,
				85FB20641FAD084F00EC0633 /* Model */,
				85FB20631FAD083900EC0633 /* Controller */,
				85FB20511FACFFE900EC0633 /* AppDelegate.swift */,
				85FB20551FACFFE900EC0633 /* Main.storyboard */,
				85FB20581FACFFE900EC0633 /* Assets.xcassets */,
				85FB205A1FACFFE900EC0633 /* LaunchScreen.storyboard */,
				85FB205D1FACFFE900EC0633 /* Info.plist */,
			);
			path = "coder-swag";
			sourceTree = "<group>";
		};
		85FB20631FAD083900EC0633 /* Controller */ = {
			isa = PBXGroup;
			children = (
				85FB20531FACFFE900EC0633 /* CategoriesVC.swift */,
			);
			path = Controller;
			sourceTree = "<group>";
		};
		85FB20641FAD084F00EC0633 /* Model */ = {
			isa = PBXGroup;
			children = (
				85FB20681FAD44DB00EC0633 /* Category.swift */,
				85AB70F81FB5410E00670F7B /* Product.swift */,
			);
			path = Model;
			sourceTree = "<group>";
		};
		85FB20651FAD085B00EC0633 /* View */ = {
			isa = PBXGroup;
			children = (
				85FB20661FAD08CD00EC0633 /* CategoryCell.swift */,
				85FB20D31FB52E5000EC0633 /* productCell.swift */,
			);
			path = View;
			sourceTree = "<group>";
		};
		85FB206A1FAD46F400EC0633 /* Services */ = {
			isa = PBXGroup;
			children = (
				85FB206B1FAD473200EC0633 /* DataService.swift */,
			);
			path = Services;
			sourceTree = "<group>";
		};
/* End PBXGroup section */

/* Begin PBXNativeTarget section */
		85FB204D1FACFFE900EC0633 /* coder-swag */ = {
			isa = PBXNativeTarget;
			buildConfigurationList = 85FB20601FACFFE900EC0633 /* Build configuration list for PBXNativeTarget "coder-swag" */;
			buildPhases = (
				85FB204A1FACFFE900EC0633 /* Sources */,
				85FB204B1FACFFE900EC0633 /* Frameworks */,
				85FB204C1FACFFE900EC0633 /* Resources */,
			);
			buildRules = (
			);
			dependencies = (
			);
			name = "coder-swag";
			productName = "coder-swag";
			productReference = 85FB204E1FACFFE900EC0633 /* coder-swag.app */;
			productType = "com.apple.product-type.application";
		};
/* End PBXNativeTarget section */

/* Begin PBXProject section */
		85FB20461FACFFE900EC0633 /* Project object */ = {
			isa = PBXProject;
			attributes = {
				LastSwiftUpdateCheck = 0910;
				LastUpgradeCheck = 0910;
				ORGANIZATIONNAME = intoTheElements;
				TargetAttributes = {
					85FB204D1FACFFE900EC0633 = {
						CreatedOnToolsVersion = 9.1;
						ProvisioningStyle = Automatic;
					};
				};
			};
			buildConfigurationList = 85FB20491FACFFE900EC0633 /* Build configuration list for PBXProject "coder-swag" */;
			compatibilityVersion = "Xcode 8.0";
			developmentRegion = en;
			hasScannedForEncodings = 0;
			knownRegions = (
				en,
				Base,
			);
			mainGroup = 85FB20451FACFFE900EC0633;
			productRefGroup = 85FB204F1FACFFE900EC0633 /* Products */;
			projectDirPath = "";
			projectRoot = "";
			targets = (
				85FB204D1FACFFE900EC0633 /* coder-swag */,
			);
		};
/* End PBXProject section */

/* Begin PBXResourcesBuildPhase section */
		85FB204C1FACFFE900EC0633 /* Resources */ = {
			isa = PBXResourcesBuildPhase;
			buildActionMask = 2147483647;
			files = (
				85FB205C1FACFFE900EC0633 /* LaunchScreen.storyboard in Resources */,
				85FB20591FACFFE900EC0633 /* Assets.xcassets in Resources */,
				85FB20571FACFFE900EC0633 /* Main.storyboard in Resources */,
			);
			runOnlyForDeploymentPostprocessing = 0;
		};
/* End PBXResourcesBuildPhase section */

/* Begin PBXSourcesBuildPhase section */
		85FB204A1FACFFE900EC0633 /* Sources */ = {
			isa = PBXSourcesBuildPhase;
			buildActionMask = 2147483647;
			files = (
				85FB20541FACFFE900EC0633 /* CategoriesVC.swift in Sources */,
				85FB20521FACFFE900EC0633 /* AppDelegate.swift in Sources */,
				85FB20D41FB52E5000EC0633 /* productCell.swift in Sources */,
				85FB20671FAD08CD00EC0633 /* CategoryCell.swift in Sources */,
				85FB20691FAD44DB00EC0633 /* Category.swift in Sources */,
				85FB206C1FAD473200EC0633 /* DataService.swift in Sources */,
				85AB70F91FB5410E00670F7B /* Product.swift in Sources */,
			);
			runOnlyForDeploymentPostprocessing = 0;
		};
/* End PBXSourcesBuildPhase section */

/* Begin PBXVariantGroup section */
		85FB20551FACFFE900EC0633 /* Main.storyboard */ = {
			isa = PBXVariantGroup;
			children = (
				85FB20561FACFFE900EC0633 /* Base */,
			);
			name = Main.storyboard;
			sourceTree = "<group>";
		};
		85FB205A1FACFFE900EC0633 /* LaunchScreen.storyboard */ = {
			isa = PBXVariantGroup;
			children = (
				85FB205B1FACFFE900EC0633 /* Base */,
			);
			name = LaunchScreen.storyboard;
			sourceTree = "<group>";
		};
/* End PBXVariantGroup section */

/* Begin XCBuildConfiguration section */
		85FB205E1FACFFE900EC0633 /* Debug */ = {
			isa = XCBuildConfiguration;
			buildSettings = {
				ALWAYS_SEARCH_USER_PATHS = NO;
				CLANG_ANALYZER_NONNULL = YES;
				CLANG_ANALYZER_NUMBER_OBJECT_CONVERSION = YES_AGGRESSIVE;
				CLANG_CXX_LANGUAGE_STANDARD = "gnu++14";
				CLANG_CXX_LIBRARY = "libc++";
				CLANG_ENABLE_MODULES = YES;
				CLANG_ENABLE_OBJC_ARC = YES;
				CLANG_WARN_BLOCK_CAPTURE_AUTORELEASING = YES;
				CLANG_WARN_BOOL_CONVERSION = YES;
				CLANG_WARN_COMMA = YES;
				CLANG_WARN_CONSTANT_CONVERSION = YES;
				CLANG_WARN_DIRECT_OBJC_ISA_USAGE = YES_ERROR;
				CLANG_WARN_DOCUMENTATION_COMMENTS = YES;
				CLANG_WARN_EMPTY_BODY = YES;
				CLANG_WARN_ENUM_CONVERSION = YES;
				CLANG_WARN_INFINITE_RECURSION = YES;
				CLANG_WARN_INT_CONVERSION = YES;
				CLANG_WARN_NON_LITERAL_NULL_CONVERSION = YES;
				CLANG_WARN_OBJC_LITERAL_CONVERSION = YES;
				CLANG_WARN_OBJC_ROOT_CLASS = YES_ERROR;
				CLANG_WARN_RANGE_LOOP_ANALYSIS = YES;
				CLANG_WARN_STRICT_PROTOTYPES = YES;
				CLANG_WARN_SUSPICIOUS_MOVE = YES;
				CLANG_WARN_UNGUARDED_AVAILABILITY = YES_AGGRESSIVE;
				CLANG_WARN_UNREACHABLE_CODE = YES;
				CLANG_WARN__DUPLICATE_METHOD_MATCH = YES;
				CODE_SIGN_IDENTITY = "iPhone Developer";
				COPY_PHASE_STRIP = NO;
				DEBUG_INFORMATION_FORMAT = dwarf;
				ENABLE_STRICT_OBJC_MSGSEND = YES;
				ENABLE_TESTABILITY = YES;
				GCC_C_LANGUAGE_STANDARD = gnu11;
				GCC_DYNAMIC_NO_PIC = NO;
				GCC_NO_COMMON_BLOCKS = YES;
				GCC_OPTIMIZATION_LEVEL = 0;
				GCC_PREPROCESSOR_DEFINITIONS = (
					"DEBUG=1",
					"$(inherited)",
				);
				GCC_WARN_64_TO_32_BIT_CONVERSION = YES;
				GCC_WARN_ABOUT_RETURN_TYPE = YES_ERROR;
				GCC_WARN_UNDECLARED_SELECTOR = YES;
				GCC_WARN_UNINITIALIZED_AUTOS = YES_AGGRESSIVE;
				GCC_WARN_UNUSED_FUNCTION = YES;
				GCC_WARN_UNUSED_VARIABLE = YES;
				IPHONEOS_DEPLOYMENT_TARGET = 11.1;
				MTL_ENABLE_DEBUG_INFO = YES;
				ONLY_ACTIVE_ARCH = YES;
				SDKROOT = iphoneos;
				SWIFT_ACTIVE_COMPILATION_CONDITIONS = DEBUG;
				SWIFT_OPTIMIZATION_LEVEL = "-Onone";
			};
			name = Debug;
		};
		85FB205F1FACFFE900EC0633 /* Release */ = {
			isa = XCBuildConfiguration;
			buildSettings = {
				ALWAYS_SEARCH_USER_PATHS = NO;
				CLANG_ANALYZER_NONNULL = YES;
				CLANG_ANALYZER_NUMBER_OBJECT_CONVERSION = YES_AGGRESSIVE;
				CLANG_CXX_LANGUAGE_STANDARD = "gnu++14";
				CLANG_CXX_LIBRARY = "libc++";
				CLANG_ENABLE_MODULES = YES;
				CLANG_ENABLE_OBJC_ARC = YES;
				CLANG_WARN_BLOCK_CAPTURE_AUTORELEASING = YES;
				CLANG_WARN_BOOL_CONVERSION = YES;
				CLANG_WARN_COMMA = YES;
				CLANG_WARN_CONSTANT_CONVERSION = YES;
				CLANG_WARN_DIRECT_OBJC_ISA_USAGE = YES_ERROR;
				CLANG_WARN_DOCUMENTATION_COMMENTS = YES;
				CLANG_WARN_EMPTY_BODY = YES;
				CLANG_WARN_ENUM_CONVERSION = YES;
				CLANG_WARN_INFINITE_RECURSION = YES;
				CLANG_WARN_INT_CONVERSION = YES;
				CLANG_WARN_NON_LITERAL_NULL_CONVERSION = YES;
				CLANG_WARN_OBJC_LITERAL_CONVERSION = YES;
				CLANG_WARN_OBJC_ROOT_CLASS = YES_ERROR;
				CLANG_WARN_RANGE_LOOP_ANALYSIS = YES;
				CLANG_WARN_STRICT_PROTOTYPES = YES;
				CLANG_WARN_SUSPICIOUS_MOVE = YES;
				CLANG_WARN_UNGUARDED_AVAILABILITY = YES_AGGRESSIVE;
				CLANG_WARN_UNREACHABLE_CODE = YES;
				CLANG_WARN__DUPLICATE_METHOD_MATCH = YES;
				CODE_SIGN_IDENTITY = "iPhone Developer";
				COPY_PHASE_STRIP = NO;
				DEBUG_INFORMATION_FORMAT = "dwarf-with-dsym";
				ENABLE_NS_ASSERTIONS = NO;
				ENABLE_STRICT_OBJC_MSGSEND = YES;
				GCC_C_LANGUAGE_STANDARD = gnu11;
				GCC_NO_COMMON_BLOCKS = YES;
				GCC_WARN_64_TO_32_BIT_CONVERSION = YES;
				GCC_WARN_ABOUT_RETURN_TYPE = YES_ERROR;
				GCC_WARN_UNDECLARED_SELECTOR = YES;
				GCC_WARN_UNINITIALIZED_AUTOS = YES_AGGRESSIVE;
				GCC_WARN_UNUSED_FUNCTION = YES;
				GCC_WARN_UNUSED_VARIABLE = YES;
				IPHONEOS_DEPLOYMENT_TARGET = 11.1;
				MTL_ENABLE_DEBUG_INFO = NO;
				SDKROOT = iphoneos;
				SWIFT_OPTIMIZATION_LEVEL = "-Owholemodule";
				VALIDATE_PRODUCT = YES;
			};
			name = Release;
		};
		85FB20611FACFFE900EC0633 /* Debug */ = {
			isa = XCBuildConfiguration;
			buildSettings = {
				ASSETCATALOG_COMPILER_APPICON_NAME = AppIcon;
				CODE_SIGN_STYLE = Automatic;
				DEVELOPMENT_TEAM = 8RMPD79WTG;
				INFOPLIST_FILE = "coder-swag/Info.plist";
				LD_RUNPATH_SEARCH_PATHS = "$(inherited) @executable_path/Frameworks";
				PRODUCT_BUNDLE_IDENTIFIER = "com.intotheelements.coder-swag";
				PRODUCT_NAME = "$(TARGET_NAME)";
				SWIFT_VERSION = 4.0;
				TARGETED_DEVICE_FAMILY = "1,2";
			};
			name = Debug;
		};
		85FB20621FACFFE900EC0633 /* Release */ = {
			isa = XCBuildConfiguration;
			buildSettings = {
				ASSETCATALOG_COMPILER_APPICON_NAME = AppIcon;
				CODE_SIGN_STYLE = Automatic;
				DEVELOPMENT_TEAM = 8RMPD79WTG;
				INFOPLIST_FILE = "coder-swag/Info.plist";
				LD_RUNPATH_SEARCH_PATHS = "$(inherited) @executable_path/Frameworks";
				PRODUCT_BUNDLE_IDENTIFIER = "com.intotheelements.coder-swag";
				PRODUCT_NAME = "$(TARGET_NAME)";
				SWIFT_VERSION = 4.0;
				TARGETED_DEVICE_FAMILY = "1,2";
			};
			name = Release;
		};
/* End XCBuildConfiguration section */

/* Begin XCConfigurationList section */
		85FB20491FACFFE900EC0633 /* Build configuration list for PBXProject "coder-swag" */ = {
			isa = XCConfigurationList;
			buildConfigurations = (
				85FB205E1FACFFE900EC0633 /* Debug */,
				85FB205F1FACFFE900EC0633 /* Release */,
			);
			defaultConfigurationIsVisible = 0;
			defaultConfigurationName = Release;
		};
		85FB20601FACFFE900EC0633 /* Build configuration list for PBXNativeTarget "coder-swag" */ = {
			isa = XCConfigurationList;
			buildConfigurations = (
				85FB20611FACFFE900EC0633 /* Debug */,
				85FB20621FACFFE900EC0633 /* Release */,
			);
			defaultConfigurationIsVisible = 0;
			defaultConfigurationName = Release;
		};
/* End XCConfigurationList section */
	};
	rootObject = 85FB20461FACFFE900EC0633 /* Project object */;
}
